
Microsoft Visual Studio Solution File, Format Version 12.00
# Visual Studio 15
VisualStudioVersion = 15.0.27703.2042
MinimumVisualStudioVersion = 10.0.40219.1
Project("{F184B08F-C81C-45F6-A57F-5ABD9991F28F}") = "TextAdventure", "TextAdventure\TextAdventure.vbproj", "{064541F2-B43B-4633-8C53-0377E14E2DA6}"
EndProject
Global
	GlobalSection(SolutionConfigurationPlatforms) = preSolution
		Debug|Any CPU = Debug|Any CPU
		Release|Any CPU = Release|Any CPU
	EndGlobalSection
	GlobalSection(ProjectConfigurationPlatforms) = postSolution
		{064541F2-B43B-4633-8C53-0377E14E2DA6}.Debug|Any CPU.ActiveCfg = Debug|Any CPU
		{064541F2-B43B-4633-8C53-0377E14E2DA6}.Debug|Any CPU.Build.0 = Debug|Any CPU
		{064541F2-B43B-4633-8C53-0377E14E2DA6}.Release|Any CPU.ActiveCfg = Release|Any CPU
		{064541F2-B43B-4633-8C53-0377E14E2DA6}.Release|Any CPU.Build.0 = Release|Any CPU
	EndGlobalSection
	GlobalSection(SolutionProperties) = preSolution
		HideSolutionNode = FALSE
	EndGlobalSection
	GlobalSection(ExtensibilityGlobals) = postSolution
		SolutionGuid = {55418FB8-0A40-426B-B600-C551670EE620}
	EndGlobalSection
EndGlobal
