
Microsoft Visual Studio Solution File, Format Version 12.00
# Visual Studio 15
VisualStudioVersion = 15.0.27703.2042
MinimumVisualStudioVersion = 10.0.40219.1
Project("{F184B08F-C81C-45F6-A57F-5ABD9991F28F}") = "VB_Snake", "VB_Snake\VB_Snake.vbproj", "{01FAC7BC-782B-4397-A7D9-E9B22A433A21}"
EndProject
Global
	GlobalSection(SolutionConfigurationPlatforms) = preSolution
		Debug|Any CPU = Debug|Any CPU
		Release|Any CPU = Release|Any CPU
	EndGlobalSection
	GlobalSection(ProjectConfigurationPlatforms) = postSolution
		{01FAC7BC-782B-4397-A7D9-E9B22A433A21}.Debug|Any CPU.ActiveCfg = Debug|Any CPU
		{01FAC7BC-782B-4397-A7D9-E9B22A433A21}.Debug|Any CPU.Build.0 = Debug|Any CPU
		{01FAC7BC-782B-4397-A7D9-E9B22A433A21}.Release|Any CPU.ActiveCfg = Release|Any CPU
		{01FAC7BC-782B-4397-A7D9-E9B22A433A21}.Release|Any CPU.Build.0 = Release|Any CPU
	EndGlobalSection
	GlobalSection(SolutionProperties) = preSolution
		HideSolutionNode = FALSE
	EndGlobalSection
	GlobalSection(ExtensibilityGlobals) = postSolution
		SolutionGuid = {3DA93A9B-5C97-4761-AF43-5B754EC594A8}
	EndGlobalSection
EndGlobal
