
Microsoft Visual Studio Solution File, Format Version 12.00
# Visual Studio 15
VisualStudioVersion = 15.0.27703.2042
MinimumVisualStudioVersion = 10.0.40219.1
Project("{F184B08F-C81C-45F6-A57F-5ABD9991F28F}") = "Lab03-01_Drawing", "Lab03-01_Drawing\Lab03-01_Drawing.vbproj", "{BA9121FC-9CA1-40AE-9462-7CE5DCA19411}"
EndProject
Global
	GlobalSection(SolutionConfigurationPlatforms) = preSolution
		Debug|Any CPU = Debug|Any CPU
		Release|Any CPU = Release|Any CPU
	EndGlobalSection
	GlobalSection(ProjectConfigurationPlatforms) = postSolution
		{BA9121FC-9CA1-40AE-9462-7CE5DCA19411}.Debug|Any CPU.ActiveCfg = Debug|Any CPU
		{BA9121FC-9CA1-40AE-9462-7CE5DCA19411}.Debug|Any CPU.Build.0 = Debug|Any CPU
		{BA9121FC-9CA1-40AE-9462-7CE5DCA19411}.Release|Any CPU.ActiveCfg = Release|Any CPU
		{BA9121FC-9CA1-40AE-9462-7CE5DCA19411}.Release|Any CPU.Build.0 = Release|Any CPU
	EndGlobalSection
	GlobalSection(SolutionProperties) = preSolution
		HideSolutionNode = FALSE
	EndGlobalSection
	GlobalSection(ExtensibilityGlobals) = postSolution
		SolutionGuid = {5EB2BEED-7E4F-4513-B87A-6318C3F8F1BF}
	EndGlobalSection
EndGlobal
